// !$*UTF8*$!
{
	archiveVersion = 1;
	classes = {
	};
	objectVersion = 50;
	objects = {

/* Begin PBXBuildFile section */
		960E8944252022BB00562F48 /* AppDelegate.swift in Sources */ = {isa = PBXBuildFile; fileRef = 960E8943252022BB00562F48 /* AppDelegate.swift */; };
		960E8946252022BB00562F48 /* SceneDelegate.swift in Sources */ = {isa = PBXBuildFile; fileRef = 960E8945252022BB00562F48 /* SceneDelegate.swift */; };
		960E894D252022BE00562F48 /* Assets.xcassets in Resources */ = {isa = PBXBuildFile; fileRef = 960E894C252022BE00562F48 /* Assets.xcassets */; };
		960E8950252022BE00562F48 /* LaunchScreen.storyboard in Resources */ = {isa = PBXBuildFile; fileRef = 960E894E252022BE00562F48 /* LaunchScreen.storyboard */; };
		960E895B2520261200562F48 /* GenTabBarController.swift in Sources */ = {isa = PBXBuildFile; fileRef = 960E895A2520261200562F48 /* GenTabBarController.swift */; };
		960E895D252026CD00562F48 /* SettingsVC.swift in Sources */ = {isa = PBXBuildFile; fileRef = 960E895C252026CD00562F48 /* SettingsVC.swift */; };
		960E895F2520270400562F48 /* QuestionsVC.swift in Sources */ = {isa = PBXBuildFile; fileRef = 960E895E2520270400562F48 /* QuestionsVC.swift */; };
		960E89692521D65700562F48 /* GenBodyLabel.swift in Sources */ = {isa = PBXBuildFile; fileRef = 960E89682521D65700562F48 /* GenBodyLabel.swift */; };
		961EECF8256C87CD000CE1C1 /* CoreDataFetchOperation.swift in Sources */ = {isa = PBXBuildFile; fileRef = 961EECF7256C87CD000CE1C1 /* CoreDataFetchOperation.swift */; };
		9651523C25224F5200B80052 /* QuestionCell.swift in Sources */ = {isa = PBXBuildFile; fileRef = 9651523B25224F5200B80052 /* QuestionCell.swift */; };
		9651524025238EEF00B80052 /* GenActionButton.swift in Sources */ = {isa = PBXBuildFile; fileRef = 9651523F25238EEF00B80052 /* GenActionButton.swift */; };
		96515242252605EF00B80052 /* DetailQuestionVC.swift in Sources */ = {isa = PBXBuildFile; fileRef = 96515241252605EF00B80052 /* DetailQuestionVC.swift */; };
		96515245252621F300B80052 /* TitleTextField.swift in Sources */ = {isa = PBXBuildFile; fileRef = 96515244252621F300B80052 /* TitleTextField.swift */; };
		9651524A2526475100B80052 /* OptionTextField.swift in Sources */ = {isa = PBXBuildFile; fileRef = 965152492526475100B80052 /* OptionTextField.swift */; };
		9651524D2526665100B80052 /* TitleTextView.swift in Sources */ = {isa = PBXBuildFile; fileRef = 9651524C2526665100B80052 /* TitleTextView.swift */; };
		9651524F2526EE2D00B80052 /* OptionCell.swift in Sources */ = {isa = PBXBuildFile; fileRef = 9651524E2526EE2D00B80052 /* OptionCell.swift */; };
		965152512535F39900B80052 /* ButtonCell.swift in Sources */ = {isa = PBXBuildFile; fileRef = 965152502535F39900B80052 /* ButtonCell.swift */; };
		9665BF4825539C4800D5F7D3 /* BodyTextView.swift in Sources */ = {isa = PBXBuildFile; fileRef = 9665BF4725539C4800D5F7D3 /* BodyTextView.swift */; };
		96A165912565E8FF0097F713 /* QuestionController.swift in Sources */ = {isa = PBXBuildFile; fileRef = 96A165902565E8FF0097F713 /* QuestionController.swift */; };
		96BC124525424EE9003F60C8 /* Genghis.xcdatamodeld in Sources */ = {isa = PBXBuildFile; fileRef = 96BC124325424EE9003F60C8 /* Genghis.xcdatamodeld */; };
		96BC124825425575003F60C8 /* QuestionEntity+CoreDataClass.swift in Sources */ = {isa = PBXBuildFile; fileRef = 96BC124625425575003F60C8 /* QuestionEntity+CoreDataClass.swift */; };
		96BC124925425575003F60C8 /* QuestionEntity+CoreDataProperties.swift in Sources */ = {isa = PBXBuildFile; fileRef = 96BC124725425575003F60C8 /* QuestionEntity+CoreDataProperties.swift */; };
		96BC126E2544AB21003F60C8 /* QuestionRepository.swift in Sources */ = {isa = PBXBuildFile; fileRef = 96BC126D2544AB21003F60C8 /* QuestionRepository.swift */; };
		96BC1270254776BE003F60C8 /* Question.swift in Sources */ = {isa = PBXBuildFile; fileRef = 96BC126F254776BE003F60C8 /* Question.swift */; };
		96C2BA90256887EC001014B6 /* DetailQuestionController.swift in Sources */ = {isa = PBXBuildFile; fileRef = 96C2BA8F256887EC001014B6 /* DetailQuestionController.swift */; };
/* End PBXBuildFile section */

/* Begin PBXFileReference section */
		960E8940252022BA00562F48 /* Genghis.app */ = {isa = PBXFileReference; explicitFileType = wrapper.application; includeInIndex = 0; path = Genghis.app; sourceTree = BUILT_PRODUCTS_DIR; };
		960E8943252022BB00562F48 /* AppDelegate.swift */ = {isa = PBXFileReference; lastKnownFileType = sourcecode.swift; path = AppDelegate.swift; sourceTree = "<group>"; };
		960E8945252022BB00562F48 /* SceneDelegate.swift */ = {isa = PBXFileReference; lastKnownFileType = sourcecode.swift; path = SceneDelegate.swift; sourceTree = "<group>"; };
		960E894C252022BE00562F48 /* Assets.xcassets */ = {isa = PBXFileReference; lastKnownFileType = folder.assetcatalog; path = Assets.xcassets; sourceTree = "<group>"; };
		960E894F252022BE00562F48 /* Base */ = {isa = PBXFileReference; lastKnownFileType = file.storyboard; name = Base; path = Base.lproj/LaunchScreen.storyboard; sourceTree = "<group>"; };
		960E8951252022BE00562F48 /* Info.plist */ = {isa = PBXFileReference; lastKnownFileType = text.plist.xml; path = Info.plist; sourceTree = "<group>"; };
		960E895A2520261200562F48 /* GenTabBarController.swift */ = {isa = PBXFileReference; lastKnownFileType = sourcecode.swift; path = GenTabBarController.swift; sourceTree = "<group>"; };
		960E895C252026CD00562F48 /* SettingsVC.swift */ = {isa = PBXFileReference; lastKnownFileType = sourcecode.swift; path = SettingsVC.swift; sourceTree = "<group>"; };
		960E895E2520270400562F48 /* QuestionsVC.swift */ = {isa = PBXFileReference; lastKnownFileType = sourcecode.swift; path = QuestionsVC.swift; sourceTree = "<group>"; };
		960E89682521D65700562F48 /* GenBodyLabel.swift */ = {isa = PBXFileReference; lastKnownFileType = sourcecode.swift; path = GenBodyLabel.swift; sourceTree = "<group>"; };
		961EECF7256C87CD000CE1C1 /* CoreDataFetchOperation.swift */ = {isa = PBXFileReference; lastKnownFileType = sourcecode.swift; path = CoreDataFetchOperation.swift; sourceTree = "<group>"; };
		9651523B25224F5200B80052 /* QuestionCell.swift */ = {isa = PBXFileReference; lastKnownFileType = sourcecode.swift; path = QuestionCell.swift; sourceTree = "<group>"; };
		9651523F25238EEF00B80052 /* GenActionButton.swift */ = {isa = PBXFileReference; lastKnownFileType = sourcecode.swift; path = GenActionButton.swift; sourceTree = "<group>"; };
		96515241252605EF00B80052 /* DetailQuestionVC.swift */ = {isa = PBXFileReference; lastKnownFileType = sourcecode.swift; path = DetailQuestionVC.swift; sourceTree = "<group>"; };
		96515244252621F300B80052 /* TitleTextField.swift */ = {isa = PBXFileReference; lastKnownFileType = sourcecode.swift; path = TitleTextField.swift; sourceTree = "<group>"; };
		965152492526475100B80052 /* OptionTextField.swift */ = {isa = PBXFileReference; lastKnownFileType = sourcecode.swift; path = OptionTextField.swift; sourceTree = "<group>"; };
		9651524C2526665100B80052 /* TitleTextView.swift */ = {isa = PBXFileReference; lastKnownFileType = sourcecode.swift; path = TitleTextView.swift; sourceTree = "<group>"; };
		9651524E2526EE2D00B80052 /* OptionCell.swift */ = {isa = PBXFileReference; lastKnownFileType = sourcecode.swift; path = OptionCell.swift; sourceTree = "<group>"; };
		965152502535F39900B80052 /* ButtonCell.swift */ = {isa = PBXFileReference; lastKnownFileType = sourcecode.swift; path = ButtonCell.swift; sourceTree = "<group>"; };
		9665BF4725539C4800D5F7D3 /* BodyTextView.swift */ = {isa = PBXFileReference; lastKnownFileType = sourcecode.swift; path = BodyTextView.swift; sourceTree = "<group>"; };
		96A165902565E8FF0097F713 /* QuestionController.swift */ = {isa = PBXFileReference; lastKnownFileType = sourcecode.swift; path = QuestionController.swift; sourceTree = "<group>"; };
		96BC124425424EE9003F60C8 /* Genghis.xcdatamodel */ = {isa = PBXFileReference; lastKnownFileType = wrapper.xcdatamodel; path = Genghis.xcdatamodel; sourceTree = "<group>"; };
		96BC124625425575003F60C8 /* QuestionEntity+CoreDataClass.swift */ = {isa = PBXFileReference; lastKnownFileType = sourcecode.swift; path = "QuestionEntity+CoreDataClass.swift"; sourceTree = "<group>"; };
		96BC124725425575003F60C8 /* QuestionEntity+CoreDataProperties.swift */ = {isa = PBXFileReference; lastKnownFileType = sourcecode.swift; path = "QuestionEntity+CoreDataProperties.swift"; sourceTree = "<group>"; };
		96BC126D2544AB21003F60C8 /* QuestionRepository.swift */ = {isa = PBXFileReference; lastKnownFileType = sourcecode.swift; path = QuestionRepository.swift; sourceTree = "<group>"; };
		96BC126F254776BE003F60C8 /* Question.swift */ = {isa = PBXFileReference; lastKnownFileType = sourcecode.swift; path = Question.swift; sourceTree = "<group>"; };
		96C2BA8F256887EC001014B6 /* DetailQuestionController.swift */ = {isa = PBXFileReference; lastKnownFileType = sourcecode.swift; path = DetailQuestionController.swift; sourceTree = "<group>"; };
/* End PBXFileReference section */

/* Begin PBXFrameworksBuildPhase section */
		960E893D252022BA00562F48 /* Frameworks */ = {
			isa = PBXFrameworksBuildPhase;
			buildActionMask = 2147483647;
			files = (
			);
			runOnlyForDeploymentPostprocessing = 0;
		};
/* End PBXFrameworksBuildPhase section */

/* Begin PBXGroup section */
		960E8937252022BA00562F48 = {
			isa = PBXGroup;
			children = (
				96BC124725425575003F60C8 /* QuestionEntity+CoreDataProperties.swift */,
				96BC124625425575003F60C8 /* QuestionEntity+CoreDataClass.swift */,
				960E8942252022BA00562F48 /* Genghis */,
				960E8941252022BA00562F48 /* Products */,
			);
			sourceTree = "<group>";
		};
		960E8941252022BA00562F48 /* Products */ = {
			isa = PBXGroup;
			children = (
				960E8940252022BA00562F48 /* Genghis.app */,
			);
			name = Products;
			sourceTree = "<group>";
		};
		960E8942252022BA00562F48 /* Genghis */ = {
			isa = PBXGroup;
			children = (
				96A1658F2565E8CE0097F713 /* QuestionList */,
				96A165932565EB600097F713 /* QuestionDetail */,
				9665BF4925575CCB00D5F7D3 /* Repositories */,
				960E896325218B5000562F48 /* Models */,
				960E89572520250700562F48 /* Screens */,
				960E89582520251C00562F48 /* Custom Views */,
				960E8943252022BB00562F48 /* AppDelegate.swift */,
				960E8945252022BB00562F48 /* SceneDelegate.swift */,
				960E894C252022BE00562F48 /* Assets.xcassets */,
				960E894E252022BE00562F48 /* LaunchScreen.storyboard */,
				960E8951252022BE00562F48 /* Info.plist */,
			);
			path = Genghis;
			sourceTree = "<group>";
		};
		960E89572520250700562F48 /* Screens */ = {
			isa = PBXGroup;
			children = (
				960E895C252026CD00562F48 /* SettingsVC.swift */,
			);
			path = Screens;
			sourceTree = "<group>";
		};
		960E89582520251C00562F48 /* Custom Views */ = {
			isa = PBXGroup;
			children = (
				960E896025213C7800562F48 /* Cells */,
				9651524B2526663800B80052 /* TextViews */,
				960E89672521D60400562F48 /* Buttons */,
				960E89662521D5FE00562F48 /* Labels */,
				965152432526217800B80052 /* TextFields */,
				960E89592520252B00562F48 /* TabBarControllers */,
			);
			path = "Custom Views";
			sourceTree = "<group>";
		};
		960E89592520252B00562F48 /* TabBarControllers */ = {
			isa = PBXGroup;
			children = (
				960E895A2520261200562F48 /* GenTabBarController.swift */,
			);
			path = TabBarControllers;
			sourceTree = "<group>";
		};
		960E896025213C7800562F48 /* Cells */ = {
			isa = PBXGroup;
			children = (
				9651523B25224F5200B80052 /* QuestionCell.swift */,
				9651524E2526EE2D00B80052 /* OptionCell.swift */,
				965152502535F39900B80052 /* ButtonCell.swift */,
			);
			path = Cells;
			sourceTree = "<group>";
		};
		960E896325218B5000562F48 /* Models */ = {
			isa = PBXGroup;
			children = (
				96A165952566DBB80097F713 /* Core Data */,
				96BC126F254776BE003F60C8 /* Question.swift */,
			);
			path = Models;
			sourceTree = "<group>";
		};
		960E89662521D5FE00562F48 /* Labels */ = {
			isa = PBXGroup;
			children = (
				960E89682521D65700562F48 /* GenBodyLabel.swift */,
			);
			path = Labels;
			sourceTree = "<group>";
		};
		960E89672521D60400562F48 /* Buttons */ = {
			isa = PBXGroup;
			children = (
				9651523F25238EEF00B80052 /* GenActionButton.swift */,
			);
			path = Buttons;
			sourceTree = "<group>";
		};
		961EECF6256C8773000CE1C1 /* Core Data Functions */ = {
			isa = PBXGroup;
			children = (
				961EECF7256C87CD000CE1C1 /* CoreDataFetchOperation.swift */,
			);
			path = "Core Data Functions";
			sourceTree = "<group>";
		};
		965152432526217800B80052 /* TextFields */ = {
			isa = PBXGroup;
			children = (
				96515244252621F300B80052 /* TitleTextField.swift */,
				965152492526475100B80052 /* OptionTextField.swift */,
			);
			path = TextFields;
			sourceTree = "<group>";
		};
		9651524B2526663800B80052 /* TextViews */ = {
			isa = PBXGroup;
			children = (
				9651524C2526665100B80052 /* TitleTextView.swift */,
				9665BF4725539C4800D5F7D3 /* BodyTextView.swift */,
			);
			path = TextViews;
			sourceTree = "<group>";
		};
		9665BF4925575CCB00D5F7D3 /* Repositories */ = {
			isa = PBXGroup;
			children = (
				961EECF6256C8773000CE1C1 /* Core Data Functions */,
				96BC126D2544AB21003F60C8 /* QuestionRepository.swift */,
			);
			path = Repositories;
			sourceTree = "<group>";
		};
		96A1658F2565E8CE0097F713 /* QuestionList */ = {
			isa = PBXGroup;
			children = (
				960E895E2520270400562F48 /* QuestionsVC.swift */,
				96A165902565E8FF0097F713 /* QuestionController.swift */,
			);
			path = QuestionList;
			sourceTree = "<group>";
		};
		96A165932565EB600097F713 /* QuestionDetail */ = {
			isa = PBXGroup;
			children = (
				96515241252605EF00B80052 /* DetailQuestionVC.swift */,
				96C2BA8F256887EC001014B6 /* DetailQuestionController.swift */,
			);
			path = QuestionDetail;
			sourceTree = "<group>";
		};
		96A165952566DBB80097F713 /* Core Data */ = {
			isa = PBXGroup;
			children = (
				96BC124325424EE9003F60C8 /* Genghis.xcdatamodeld */,
			);
			path = "Core Data";
			sourceTree = "<group>";
		};
/* End PBXGroup section */

/* Begin PBXNativeTarget section */
		960E893F252022BA00562F48 /* Genghis */ = {
			isa = PBXNativeTarget;
			buildConfigurationList = 960E8954252022BE00562F48 /* Build configuration list for PBXNativeTarget "Genghis" */;
			buildPhases = (
				960E893C252022BA00562F48 /* Sources */,
				960E893D252022BA00562F48 /* Frameworks */,
				960E893E252022BA00562F48 /* Resources */,
			);
			buildRules = (
			);
			dependencies = (
			);
			name = Genghis;
			productName = Genghis;
			productReference = 960E8940252022BA00562F48 /* Genghis.app */;
			productType = "com.apple.product-type.application";
		};
/* End PBXNativeTarget section */

/* Begin PBXProject section */
		960E8938252022BA00562F48 /* Project object */ = {
			isa = PBXProject;
			attributes = {
				LastSwiftUpdateCheck = 1170;
				LastUpgradeCheck = 1220;
				ORGANIZATIONNAME = "Liana Haque";
				TargetAttributes = {
					960E893F252022BA00562F48 = {
						CreatedOnToolsVersion = 11.7;
					};
				};
			};
			buildConfigurationList = 960E893B252022BA00562F48 /* Build configuration list for PBXProject "Genghis" */;
			compatibilityVersion = "Xcode 9.3";
			developmentRegion = en;
			hasScannedForEncodings = 0;
			knownRegions = (
				en,
				Base,
			);
			mainGroup = 960E8937252022BA00562F48;
			productRefGroup = 960E8941252022BA00562F48 /* Products */;
			projectDirPath = "";
			projectRoot = "";
			targets = (
				960E893F252022BA00562F48 /* Genghis */,
			);
		};
/* End PBXProject section */

/* Begin PBXResourcesBuildPhase section */
		960E893E252022BA00562F48 /* Resources */ = {
			isa = PBXResourcesBuildPhase;
			buildActionMask = 2147483647;
			files = (
				960E8950252022BE00562F48 /* LaunchScreen.storyboard in Resources */,
				960E894D252022BE00562F48 /* Assets.xcassets in Resources */,
			);
			runOnlyForDeploymentPostprocessing = 0;
		};
/* End PBXResourcesBuildPhase section */

/* Begin PBXSourcesBuildPhase section */
		960E893C252022BA00562F48 /* Sources */ = {
			isa = PBXSourcesBuildPhase;
			buildActionMask = 2147483647;
			files = (
				960E895F2520270400562F48 /* QuestionsVC.swift in Sources */,
				96BC124525424EE9003F60C8 /* Genghis.xcdatamodeld in Sources */,
				96C2BA90256887EC001014B6 /* DetailQuestionController.swift in Sources */,
				96515242252605EF00B80052 /* DetailQuestionVC.swift in Sources */,
				961EECF8256C87CD000CE1C1 /* CoreDataFetchOperation.swift in Sources */,
				9651524F2526EE2D00B80052 /* OptionCell.swift in Sources */,
				96515245252621F300B80052 /* TitleTextField.swift in Sources */,
				960E895B2520261200562F48 /* GenTabBarController.swift in Sources */,
				960E895D252026CD00562F48 /* SettingsVC.swift in Sources */,
				96BC126E2544AB21003F60C8 /* QuestionRepository.swift in Sources */,
				96BC124825425575003F60C8 /* QuestionEntity+CoreDataClass.swift in Sources */,
				9651523C25224F5200B80052 /* QuestionCell.swift in Sources */,
				965152512535F39900B80052 /* ButtonCell.swift in Sources */,
				9651524025238EEF00B80052 /* GenActionButton.swift in Sources */,
				960E89692521D65700562F48 /* GenBodyLabel.swift in Sources */,
				96BC1270254776BE003F60C8 /* Question.swift in Sources */,
				96A165912565E8FF0097F713 /* QuestionController.swift in Sources */,
				96BC124925425575003F60C8 /* QuestionEntity+CoreDataProperties.swift in Sources */,
				960E8944252022BB00562F48 /* AppDelegate.swift in Sources */,
				9651524D2526665100B80052 /* TitleTextView.swift in Sources */,
				9651524A2526475100B80052 /* OptionTextField.swift in Sources */,
				960E8946252022BB00562F48 /* SceneDelegate.swift in Sources */,
				9665BF4825539C4800D5F7D3 /* BodyTextView.swift in Sources */,
			);
			runOnlyForDeploymentPostprocessing = 0;
		};
/* End PBXSourcesBuildPhase section */

/* Begin PBXVariantGroup section */
		960E894E252022BE00562F48 /* LaunchScreen.storyboard */ = {
			isa = PBXVariantGroup;
			children = (
				960E894F252022BE00562F48 /* Base */,
			);
			name = LaunchScreen.storyboard;
			sourceTree = "<group>";
		};
/* End PBXVariantGroup section */

/* Begin XCBuildConfiguration section */
		960E8952252022BE00562F48 /* Debug */ = {
			isa = XCBuildConfiguration;
			buildSettings = {
				ALWAYS_SEARCH_USER_PATHS = NO;
				CLANG_ANALYZER_NONNULL = YES;
				CLANG_ANALYZER_NUMBER_OBJECT_CONVERSION = YES_AGGRESSIVE;
				CLANG_CXX_LANGUAGE_STANDARD = "gnu++14";
				CLANG_CXX_LIBRARY = "libc++";
				CLANG_ENABLE_MODULES = YES;
				CLANG_ENABLE_OBJC_ARC = YES;
				CLANG_ENABLE_OBJC_WEAK = YES;
				CLANG_WARN_BLOCK_CAPTURE_AUTORELEASING = YES;
				CLANG_WARN_BOOL_CONVERSION = YES;
				CLANG_WARN_COMMA = YES;
				CLANG_WARN_CONSTANT_CONVERSION = YES;
				CLANG_WARN_DEPRECATED_OBJC_IMPLEMENTATIONS = YES;
				CLANG_WARN_DIRECT_OBJC_ISA_USAGE = YES_ERROR;
				CLANG_WARN_DOCUMENTATION_COMMENTS = YES;
				CLANG_WARN_EMPTY_BODY = YES;
				CLANG_WARN_ENUM_CONVERSION = YES;
				CLANG_WARN_INFINITE_RECURSION = YES;
				CLANG_WARN_INT_CONVERSION = YES;
				CLANG_WARN_NON_LITERAL_NULL_CONVERSION = YES;
				CLANG_WARN_OBJC_IMPLICIT_RETAIN_SELF = YES;
				CLANG_WARN_OBJC_LITERAL_CONVERSION = YES;
				CLANG_WARN_OBJC_ROOT_CLASS = YES_ERROR;
				CLANG_WARN_QUOTED_INCLUDE_IN_FRAMEWORK_HEADER = YES;
				CLANG_WARN_RANGE_LOOP_ANALYSIS = YES;
				CLANG_WARN_STRICT_PROTOTYPES = YES;
				CLANG_WARN_SUSPICIOUS_MOVE = YES;
				CLANG_WARN_UNGUARDED_AVAILABILITY = YES_AGGRESSIVE;
				CLANG_WARN_UNREACHABLE_CODE = YES;
				CLANG_WARN__DUPLICATE_METHOD_MATCH = YES;
				COPY_PHASE_STRIP = NO;
				DEBUG_INFORMATION_FORMAT = dwarf;
				ENABLE_STRICT_OBJC_MSGSEND = YES;
				ENABLE_TESTABILITY = YES;
				GCC_C_LANGUAGE_STANDARD = gnu11;
				GCC_DYNAMIC_NO_PIC = NO;
				GCC_NO_COMMON_BLOCKS = YES;
				GCC_OPTIMIZATION_LEVEL = 0;
				GCC_PREPROCESSOR_DEFINITIONS = (
					"DEBUG=1",
					"$(inherited)",
				);
				GCC_WARN_64_TO_32_BIT_CONVERSION = YES;
				GCC_WARN_ABOUT_RETURN_TYPE = YES_ERROR;
				GCC_WARN_UNDECLARED_SELECTOR = YES;
				GCC_WARN_UNINITIALIZED_AUTOS = YES_AGGRESSIVE;
				GCC_WARN_UNUSED_FUNCTION = YES;
				GCC_WARN_UNUSED_VARIABLE = YES;
				IPHONEOS_DEPLOYMENT_TARGET = 13.7;
				MTL_ENABLE_DEBUG_INFO = INCLUDE_SOURCE;
				MTL_FAST_MATH = YES;
				ONLY_ACTIVE_ARCH = YES;
				SDKROOT = iphoneos;
				SWIFT_ACTIVE_COMPILATION_CONDITIONS = DEBUG;
				SWIFT_OPTIMIZATION_LEVEL = "-Onone";
			};
			name = Debug;
		};
		960E8953252022BE00562F48 /* Release */ = {
			isa = XCBuildConfiguration;
			buildSettings = {
				ALWAYS_SEARCH_USER_PATHS = NO;
				CLANG_ANALYZER_NONNULL = YES;
				CLANG_ANALYZER_NUMBER_OBJECT_CONVERSION = YES_AGGRESSIVE;
				CLANG_CXX_LANGUAGE_STANDARD = "gnu++14";
				CLANG_CXX_LIBRARY = "libc++";
				CLANG_ENABLE_MODULES = YES;
				CLANG_ENABLE_OBJC_ARC = YES;
				CLANG_ENABLE_OBJC_WEAK = YES;
				CLANG_WARN_BLOCK_CAPTURE_AUTORELEASING = YES;
				CLANG_WARN_BOOL_CONVERSION = YES;
				CLANG_WARN_COMMA = YES;
				CLANG_WARN_CONSTANT_CONVERSION = YES;
				CLANG_WARN_DEPRECATED_OBJC_IMPLEMENTATIONS = YES;
				CLANG_WARN_DIRECT_OBJC_ISA_USAGE = YES_ERROR;
				CLANG_WARN_DOCUMENTATION_COMMENTS = YES;
				CLANG_WARN_EMPTY_BODY = YES;
				CLANG_WARN_ENUM_CONVERSION = YES;
				CLANG_WARN_INFINITE_RECURSION = YES;
				CLANG_WARN_INT_CONVERSION = YES;
				CLANG_WARN_NON_LITERAL_NULL_CONVERSION = YES;
				CLANG_WARN_OBJC_IMPLICIT_RETAIN_SELF = YES;
				CLANG_WARN_OBJC_LITERAL_CONVERSION = YES;
				CLANG_WARN_OBJC_ROOT_CLASS = YES_ERROR;
				CLANG_WARN_QUOTED_INCLUDE_IN_FRAMEWORK_HEADER = YES;
				CLANG_WARN_RANGE_LOOP_ANALYSIS = YES;
				CLANG_WARN_STRICT_PROTOTYPES = YES;
				CLANG_WARN_SUSPICIOUS_MOVE = YES;
				CLANG_WARN_UNGUARDED_AVAILABILITY = YES_AGGRESSIVE;
				CLANG_WARN_UNREACHABLE_CODE = YES;
				CLANG_WARN__DUPLICATE_METHOD_MATCH = YES;
				COPY_PHASE_STRIP = NO;
				DEBUG_INFORMATION_FORMAT = "dwarf-with-dsym";
				ENABLE_NS_ASSERTIONS = NO;
				ENABLE_STRICT_OBJC_MSGSEND = YES;
				GCC_C_LANGUAGE_STANDARD = gnu11;
				GCC_NO_COMMON_BLOCKS = YES;
				GCC_WARN_64_TO_32_BIT_CONVERSION = YES;
				GCC_WARN_ABOUT_RETURN_TYPE = YES_ERROR;
				GCC_WARN_UNDECLARED_SELECTOR = YES;
				GCC_WARN_UNINITIALIZED_AUTOS = YES_AGGRESSIVE;
				GCC_WARN_UNUSED_FUNCTION = YES;
				GCC_WARN_UNUSED_VARIABLE = YES;
				IPHONEOS_DEPLOYMENT_TARGET = 13.7;
				MTL_ENABLE_DEBUG_INFO = NO;
				MTL_FAST_MATH = YES;
				SDKROOT = iphoneos;
				SWIFT_COMPILATION_MODE = wholemodule;
				SWIFT_OPTIMIZATION_LEVEL = "-O";
				VALIDATE_PRODUCT = YES;
			};
			name = Release;
		};
		960E8955252022BE00562F48 /* Debug */ = {
			isa = XCBuildConfiguration;
			buildSettings = {
				ASSETCATALOG_COMPILER_APPICON_NAME = AppIcon;
				CODE_SIGN_STYLE = Automatic;
				DEVELOPMENT_TEAM = N3E7249ZAC;
				INFOPLIST_FILE = Genghis/Info.plist;
				LD_RUNPATH_SEARCH_PATHS = (
					"$(inherited)",
					"@executable_path/Frameworks",
				);
				PRODUCT_BUNDLE_IDENTIFIER = com.lhaquebaruma.Genghis;
				PRODUCT_NAME = "$(TARGET_NAME)";
				SWIFT_VERSION = 5.0;
				TARGETED_DEVICE_FAMILY = 1;
			};
			name = Debug;
		};
		960E8956252022BE00562F48 /* Release */ = {
			isa = XCBuildConfiguration;
			buildSettings = {
				ASSETCATALOG_COMPILER_APPICON_NAME = AppIcon;
				CODE_SIGN_STYLE = Automatic;
				DEVELOPMENT_TEAM = N3E7249ZAC;
				INFOPLIST_FILE = Genghis/Info.plist;
				LD_RUNPATH_SEARCH_PATHS = (
					"$(inherited)",
					"@executable_path/Frameworks",
				);
				PRODUCT_BUNDLE_IDENTIFIER = com.lhaquebaruma.Genghis;
				PRODUCT_NAME = "$(TARGET_NAME)";
				SWIFT_VERSION = 5.0;
				TARGETED_DEVICE_FAMILY = 1;
			};
			name = Release;
		};
/* End XCBuildConfiguration section */

/* Begin XCConfigurationList section */
		960E893B252022BA00562F48 /* Build configuration list for PBXProject "Genghis" */ = {
			isa = XCConfigurationList;
			buildConfigurations = (
				960E8952252022BE00562F48 /* Debug */,
				960E8953252022BE00562F48 /* Release */,
			);
			defaultConfigurationIsVisible = 0;
			defaultConfigurationName = Release;
		};
		960E8954252022BE00562F48 /* Build configuration list for PBXNativeTarget "Genghis" */ = {
			isa = XCConfigurationList;
			buildConfigurations = (
				960E8955252022BE00562F48 /* Debug */,
				960E8956252022BE00562F48 /* Release */,
			);
			defaultConfigurationIsVisible = 0;
			defaultConfigurationName = Release;
		};
/* End XCConfigurationList section */

/* Begin XCVersionGroup section */
		96BC124325424EE9003F60C8 /* Genghis.xcdatamodeld */ = {
			isa = XCVersionGroup;
			children = (
				96BC124425424EE9003F60C8 /* Genghis.xcdatamodel */,
			);
			currentVersion = 96BC124425424EE9003F60C8 /* Genghis.xcdatamodel */;
			path = Genghis.xcdatamodeld;
			sourceTree = "<group>";
			versionGroupType = wrapper.xcdatamodel;
		};
/* End XCVersionGroup section */
	};
	rootObject = 960E8938252022BA00562F48 /* Project object */;
}
